hash: ac245072ab26a1988fbadb24171f260c2673ab5e61287aebcd5947edff76cf12
updated: 2018-08-07T15:02:18.936614+08:00
imports:
- name: github.com/astaxie/beego
  version: 053a075344c118a5cc41981b29ef612bb53d20ca
  subpackages:
  - config
  - context
  - context/param
  - grace
  - logs
  - session
  - toolbox
  - utils
- name: github.com/garyburd/redigo
  version: 569eae59ada904ea8db7a225c2b47165af08735a
  subpackages:
  - redis
- name: github.com/go-sql-driver/mysql
  version: 99ff426eb706cffe92ff3d058e168b278cabf7c7
- name: github.com/pquerna/ffjson
  version: af8b230fcd2007c7095168ca8ab94c68b60840c6
  subpackages:
  - ffjson
- name: github.com/shopspring/decimal
  version: cd690d0c9e2447b1ef2a129a6b7b49077da89b8e
- name: golang.org/x/crypto
  version: 80fca2ff14a3fb7db622c9a5462f8ce9ea026cba
  subpackages:
  - acme
  - acme/autocert
- name: gopkg.in/yaml.v2
  version: 5420a8b6744d3b0345ab293f6fcba19c978f1183
testImports:
- name: github.com/gopherjs/gopherjs
  version: 0892b62f0d9fb5857760c3cfca837207185117ee
  subpackages:
  - js
- name: github.com/jtolds/gls
  version: 77f18212c9c7edc9bd6a33d383a7b545ce62f064
- name: github.com/smartystreets/assertions
  version: 886ec427f6b97ea7c207ab54f4045050647c2820
  subpackages:
  - internal/go-render/render
  - internal/oglematchers
- name: github.com/smartystreets/goconvey
  version: ef6db91d284a0e7badaa1f0c404c30aa7dee3aed
  subpackages:
  - convey
  - convey/gotest
  - convey/reporting
